// !$*UTF8*$!
{
	archiveVersion = 1;
	classes = {
	};
	objectVersion = 52;
	objects = {

/* Begin PBXAggregateTarget section */
		E839F2B3233284E4005BD5A2 /* DVDRental-AllPlatforms */ = {
			isa = PBXAggregateTarget;
			buildConfigurationList = E839F2B4233284E4005BD5A2 /* Build configuration list for PBXAggregateTarget "DVDRental-AllPlatforms" */;
			buildPhases = (
			);
			dependencies = (
				E839F2B8233284EE005BD5A2 /* PBXTargetDependency */,
				E839F2BA233284EE005BD5A2 /* PBXTargetDependency */,
				E839F2BC233284EE005BD5A2 /* PBXTargetDependency */,
				E839F2BE233284EE005BD5A2 /* PBXTargetDependency */,
				E839F2C0233284EE005BD5A2 /* PBXTargetDependency */,
			);
			name = "DVDRental-AllPlatforms";
			productName = "DVDRental-AllPlatforms";
		};
/* End PBXAggregateTarget section */

/* Begin PBXBuildFile section */
		E839F2AA23328105005BD5A2 /* RuleModel.swift in Sources */ = {isa = PBXBuildFile; fileRef = E839F2A723328105005BD5A2 /* RuleModel.swift */; };
		E839F2AB23328105005BD5A2 /* RuleModel.swift in Sources */ = {isa = PBXBuildFile; fileRef = E839F2A723328105005BD5A2 /* RuleModel.swift */; };
		E839F2AC23328105005BD5A2 /* RuleModel.swift in Sources */ = {isa = PBXBuildFile; fileRef = E839F2A723328105005BD5A2 /* RuleModel.swift */; };
		E839F2AD23328105005BD5A2 /* CustomViews.swift in Sources */ = {isa = PBXBuildFile; fileRef = E839F2A823328105005BD5A2 /* CustomViews.swift */; };
		E839F2AE23328105005BD5A2 /* CustomViews.swift in Sources */ = {isa = PBXBuildFile; fileRef = E839F2A823328105005BD5A2 /* CustomViews.swift */; };
		E839F2AF23328105005BD5A2 /* CustomViews.swift in Sources */ = {isa = PBXBuildFile; fileRef = E839F2A823328105005BD5A2 /* CustomViews.swift */; };
		E839F2B023328105005BD5A2 /* DatabaseConfig.swift in Sources */ = {isa = PBXBuildFile; fileRef = E839F2A923328105005BD5A2 /* DatabaseConfig.swift */; };
		E839F2B123328105005BD5A2 /* DatabaseConfig.swift in Sources */ = {isa = PBXBuildFile; fileRef = E839F2A923328105005BD5A2 /* DatabaseConfig.swift */; };
		E839F2B223328105005BD5A2 /* DatabaseConfig.swift in Sources */ = {isa = PBXBuildFile; fileRef = E839F2A923328105005BD5A2 /* DatabaseConfig.swift */; };
		E8A2C93F23327130009F2E71 /* AppDelegate.swift in Sources */ = {isa = PBXBuildFile; fileRef = E8A2C93E23327130009F2E71 /* AppDelegate.swift */; };
		E8A2C94123327130009F2E71 /* SceneDelegate.swift in Sources */ = {isa = PBXBuildFile; fileRef = E8A2C94023327130009F2E71 /* SceneDelegate.swift */; };
		E8A2C94323327130009F2E71 /* ContentView.swift in Sources */ = {isa = PBXBuildFile; fileRef = E8A2C94223327130009F2E71 /* ContentView.swift */; };
		E8A2C94523327131009F2E71 /* Assets.xcassets in Resources */ = {isa = PBXBuildFile; fileRef = E8A2C94423327131009F2E71 /* Assets.xcassets */; };
		E8A2C94823327131009F2E71 /* Preview Assets.xcassets in Resources */ = {isa = PBXBuildFile; fileRef = E8A2C94723327131009F2E71 /* Preview Assets.xcassets */; };
		E8A2C94B23327131009F2E71 /* LaunchScreen.storyboard in Resources */ = {isa = PBXBuildFile; fileRef = E8A2C94923327131009F2E71 /* LaunchScreen.storyboard */; };
		E8A2C954233271E8009F2E71 /* DirectToSwiftUI in Frameworks */ = {isa = PBXBuildFile; productRef = E8A2C953233271E8009F2E71 /* DirectToSwiftUI */; };
		E8A2C95723327350009F2E71 /* PostgreSQLAdaptor in Frameworks */ = {isa = PBXBuildFile; productRef = E8A2C95623327350009F2E71 /* PostgreSQLAdaptor */; };
		E8A2C95E23327814009F2E71 /* DVDRentalWatch WatchKit App.app in Embed Watch Content */ = {isa = PBXBuildFile; fileRef = E8A2C95D23327814009F2E71 /* DVDRentalWatch WatchKit App.app */; settings = {ATTRIBUTES = (RemoveHeadersOnCopy, ); }; };
		E8A2C96423327814009F2E71 /* Interface.storyboard in Resources */ = {isa = PBXBuildFile; fileRef = E8A2C96223327814009F2E71 /* Interface.storyboard */; };
		E8A2C96623327815009F2E71 /* Assets.xcassets in Resources */ = {isa = PBXBuildFile; fileRef = E8A2C96523327815009F2E71 /* Assets.xcassets */; };
		E8A2C96D23327815009F2E71 /* DVDRentalWatch WatchKit Extension.appex in Embed App Extensions */ = {isa = PBXBuildFile; fileRef = E8A2C96C23327815009F2E71 /* DVDRentalWatch WatchKit Extension.appex */; settings = {ATTRIBUTES = (RemoveHeadersOnCopy, ); }; };
		E8A2C97223327815009F2E71 /* ContentView.swift in Sources */ = {isa = PBXBuildFile; fileRef = E8A2C97123327815009F2E71 /* ContentView.swift */; };
		E8A2C97423327815009F2E71 /* HostingController.swift in Sources */ = {isa = PBXBuildFile; fileRef = E8A2C97323327815009F2E71 /* HostingController.swift */; };
		E8A2C97623327815009F2E71 /* ExtensionDelegate.swift in Sources */ = {isa = PBXBuildFile; fileRef = E8A2C97523327815009F2E71 /* ExtensionDelegate.swift */; };
		E8A2C97823327815009F2E71 /* NotificationController.swift in Sources */ = {isa = PBXBuildFile; fileRef = E8A2C97723327815009F2E71 /* NotificationController.swift */; };
		E8A2C97A23327815009F2E71 /* NotificationView.swift in Sources */ = {isa = PBXBuildFile; fileRef = E8A2C97923327815009F2E71 /* NotificationView.swift */; };
		E8A2C97C23327815009F2E71 /* Assets.xcassets in Resources */ = {isa = PBXBuildFile; fileRef = E8A2C97B23327815009F2E71 /* Assets.xcassets */; };
		E8A2C97F23327815009F2E71 /* Preview Assets.xcassets in Resources */ = {isa = PBXBuildFile; fileRef = E8A2C97E23327815009F2E71 /* Preview Assets.xcassets */; };
		E8A2C993233278D4009F2E71 /* DirectToSwiftUI in Frameworks */ = {isa = PBXBuildFile; productRef = E8A2C992233278D4009F2E71 /* DirectToSwiftUI */; };
		E8A2C995233278D5009F2E71 /* PostgreSQLAdaptor in Frameworks */ = {isa = PBXBuildFile; productRef = E8A2C994233278D5009F2E71 /* PostgreSQLAdaptor */; };
		E8A2C99D23327A9D009F2E71 /* AppDelegate.swift in Sources */ = {isa = PBXBuildFile; fileRef = E8A2C99C23327A9D009F2E71 /* AppDelegate.swift */; };
		E8A2C99F23327A9D009F2E71 /* ContentView.swift in Sources */ = {isa = PBXBuildFile; fileRef = E8A2C99E23327A9D009F2E71 /* ContentView.swift */; };
		E8A2C9A123327A9D009F2E71 /* Assets.xcassets in Resources */ = {isa = PBXBuildFile; fileRef = E8A2C9A023327A9D009F2E71 /* Assets.xcassets */; };
		E8A2C9A423327A9D009F2E71 /* Preview Assets.xcassets in Resources */ = {isa = PBXBuildFile; fileRef = E8A2C9A323327A9D009F2E71 /* Preview Assets.xcassets */; };
		E8A2C9A723327A9D009F2E71 /* Main.storyboard in Resources */ = {isa = PBXBuildFile; fileRef = E8A2C9A523327A9D009F2E71 /* Main.storyboard */; };
		E8A2C9B223327AC3009F2E71 /* DirectToSwiftUI in Frameworks */ = {isa = PBXBuildFile; productRef = E8A2C9B123327AC3009F2E71 /* DirectToSwiftUI */; };
		E8A2C9B423327AC3009F2E71 /* PostgreSQLAdaptor in Frameworks */ = {isa = PBXBuildFile; productRef = E8A2C9B323327AC3009F2E71 /* PostgreSQLAdaptor */; };
/* End PBXBuildFile section */

/* Begin PBXContainerItemProxy section */
		E839F2B7233284EE005BD5A2 /* PBXContainerItemProxy */ = {
			isa = PBXContainerItemProxy;
			containerPortal = E8A2C93323327130009F2E71 /* Project object */;
			proxyType = 1;
			remoteGlobalIDString = E8A2C93A23327130009F2E71;
			remoteInfo = DVDRental;
		};
		E839F2B9233284EE005BD5A2 /* PBXContainerItemProxy */ = {
			isa = PBXContainerItemProxy;
			containerPortal = E8A2C93323327130009F2E71 /* Project object */;
			proxyType = 1;
			remoteGlobalIDString = E8A2C95923327814009F2E71;
			remoteInfo = DVDRentalWatch;
		};
		E839F2BB233284EE005BD5A2 /* PBXContainerItemProxy */ = {
			isa = PBXContainerItemProxy;
			containerPortal = E8A2C93323327130009F2E71 /* Project object */;
			proxyType = 1;
			remoteGlobalIDString = E8A2C95C23327814009F2E71;
			remoteInfo = "DVDRentalWatch WatchKit App";
		};
		E839F2BD233284EE005BD5A2 /* PBXContainerItemProxy */ = {
			isa = PBXContainerItemProxy;
			containerPortal = E8A2C93323327130009F2E71 /* Project object */;
			proxyType = 1;
			remoteGlobalIDString = E8A2C96B23327815009F2E71;
			remoteInfo = "DVDRentalWatch WatchKit Extension";
		};
		E839F2BF233284EE005BD5A2 /* PBXContainerItemProxy */ = {
			isa = PBXContainerItemProxy;
			containerPortal = E8A2C93323327130009F2E71 /* Project object */;
			proxyType = 1;
			remoteGlobalIDString = E8A2C99923327A9D009F2E71;
			remoteInfo = MacRentals;
		};
		E8A2C95F23327814009F2E71 /* PBXContainerItemProxy */ = {
			isa = PBXContainerItemProxy;
			containerPortal = E8A2C93323327130009F2E71 /* Project object */;
			proxyType = 1;
			remoteGlobalIDString = E8A2C95C23327814009F2E71;
			remoteInfo = "DVDRentalWatch WatchKit App";
		};
		E8A2C96E23327815009F2E71 /* PBXContainerItemProxy */ = {
			isa = PBXContainerItemProxy;
			containerPortal = E8A2C93323327130009F2E71 /* Project object */;
			proxyType = 1;
			remoteGlobalIDString = E8A2C96B23327815009F2E71;
			remoteInfo = "DVDRentalWatch WatchKit Extension";
		};
/* End PBXContainerItemProxy section */

/* Begin PBXCopyFilesBuildPhase section */
		E8A2C98523327815009F2E71 /* Embed App Extensions */ = {
			isa = PBXCopyFilesBuildPhase;
			buildActionMask = 2147483647;
			dstPath = "";
			dstSubfolderSpec = 13;
			files = (
				E8A2C96D23327815009F2E71 /* DVDRentalWatch WatchKit Extension.appex in Embed App Extensions */,
			);
			name = "Embed App Extensions";
			runOnlyForDeploymentPostprocessing = 0;
		};
		E8A2C98923327815009F2E71 /* Embed Watch Content */ = {
			isa = PBXCopyFilesBuildPhase;
			buildActionMask = 2147483647;
			dstPath = "$(CONTENTS_FOLDER_PATH)/Watch";
			dstSubfolderSpec = 16;
			files = (
				E8A2C95E23327814009F2E71 /* DVDRentalWatch WatchKit App.app in Embed Watch Content */,
			);
			name = "Embed Watch Content";
			runOnlyForDeploymentPostprocessing = 0;
		};
/* End PBXCopyFilesBuildPhase section */

/* Begin PBXFileReference section */
		E839F2A723328105005BD5A2 /* RuleModel.swift */ = {isa = PBXFileReference; fileEncoding = 4; lastKnownFileType = sourcecode.swift; path = RuleModel.swift; sourceTree = "<group>"; };
		E839F2A823328105005BD5A2 /* CustomViews.swift */ = {isa = PBXFileReference; fileEncoding = 4; lastKnownFileType = sourcecode.swift; path = CustomViews.swift; sourceTree = "<group>"; };
		E839F2A923328105005BD5A2 /* DatabaseConfig.swift */ = {isa = PBXFileReference; fileEncoding = 4; lastKnownFileType = sourcecode.swift; path = DatabaseConfig.swift; sourceTree = "<group>"; };
		E8A2C93B23327130009F2E71 /* DVDRental.app */ = {isa = PBXFileReference; explicitFileType = wrapper.application; includeInIndex = 0; path = DVDRental.app; sourceTree = BUILT_PRODUCTS_DIR; };
		E8A2C93E23327130009F2E71 /* AppDelegate.swift */ = {isa = PBXFileReference; lastKnownFileType = sourcecode.swift; path = AppDelegate.swift; sourceTree = "<group>"; };
		E8A2C94023327130009F2E71 /* SceneDelegate.swift */ = {isa = PBXFileReference; lastKnownFileType = sourcecode.swift; path = SceneDelegate.swift; sourceTree = "<group>"; };
		E8A2C94223327130009F2E71 /* ContentView.swift */ = {isa = PBXFileReference; lastKnownFileType = sourcecode.swift; path = ContentView.swift; sourceTree = "<group>"; };
		E8A2C94423327131009F2E71 /* Assets.xcassets */ = {isa = PBXFileReference; lastKnownFileType = folder.assetcatalog; path = Assets.xcassets; sourceTree = "<group>"; };
		E8A2C94723327131009F2E71 /* Preview Assets.xcassets */ = {isa = PBXFileReference; lastKnownFileType = folder.assetcatalog; path = "Preview Assets.xcassets"; sourceTree = "<group>"; };
		E8A2C94A23327131009F2E71 /* Base */ = {isa = PBXFileReference; lastKnownFileType = file.storyboard; name = Base; path = Base.lproj/LaunchScreen.storyboard; sourceTree = "<group>"; };
		E8A2C94C23327131009F2E71 /* Info.plist */ = {isa = PBXFileReference; lastKnownFileType = text.plist.xml; path = Info.plist; sourceTree = "<group>"; };
		E8A2C95A23327814009F2E71 /* DVDRentalWatch.app */ = {isa = PBXFileReference; explicitFileType = wrapper.application; includeInIndex = 0; path = DVDRentalWatch.app; sourceTree = BUILT_PRODUCTS_DIR; };
		E8A2C95D23327814009F2E71 /* DVDRentalWatch WatchKit App.app */ = {isa = PBXFileReference; explicitFileType = wrapper.application; includeInIndex = 0; path = "DVDRentalWatch WatchKit App.app"; sourceTree = BUILT_PRODUCTS_DIR; };
		E8A2C96323327814009F2E71 /* Base */ = {isa = PBXFileReference; lastKnownFileType = file.storyboard; name = Base; path = Base.lproj/Interface.storyboard; sourceTree = "<group>"; };
		E8A2C96523327815009F2E71 /* Assets.xcassets */ = {isa = PBXFileReference; lastKnownFileType = folder.assetcatalog; path = Assets.xcassets; sourceTree = "<group>"; };
		E8A2C96723327815009F2E71 /* Info.plist */ = {isa = PBXFileReference; lastKnownFileType = text.plist.xml; path = Info.plist; sourceTree = "<group>"; };
		E8A2C96C23327815009F2E71 /* DVDRentalWatch WatchKit Extension.appex */ = {isa = PBXFileReference; explicitFileType = "wrapper.app-extension"; includeInIndex = 0; path = "DVDRentalWatch WatchKit Extension.appex"; sourceTree = BUILT_PRODUCTS_DIR; };
		E8A2C97123327815009F2E71 /* ContentView.swift */ = {isa = PBXFileReference; lastKnownFileType = sourcecode.swift; path = ContentView.swift; sourceTree = "<group>"; };
		E8A2C97323327815009F2E71 /* HostingController.swift */ = {isa = PBXFileReference; lastKnownFileType = sourcecode.swift; path = HostingController.swift; sourceTree = "<group>"; };
		E8A2C97523327815009F2E71 /* ExtensionDelegate.swift */ = {isa = PBXFileReference; lastKnownFileType = sourcecode.swift; path = ExtensionDelegate.swift; sourceTree = "<group>"; };
		E8A2C97723327815009F2E71 /* NotificationController.swift */ = {isa = PBXFileReference; lastKnownFileType = sourcecode.swift; path = NotificationController.swift; sourceTree = "<group>"; };
		E8A2C97923327815009F2E71 /* NotificationView.swift */ = {isa = PBXFileReference; lastKnownFileType = sourcecode.swift; path = NotificationView.swift; sourceTree = "<group>"; };
		E8A2C97B23327815009F2E71 /* Assets.xcassets */ = {isa = PBXFileReference; lastKnownFileType = folder.assetcatalog; path = Assets.xcassets; sourceTree = "<group>"; };
		E8A2C97E23327815009F2E71 /* Preview Assets.xcassets */ = {isa = PBXFileReference; lastKnownFileType = folder.assetcatalog; path = "Preview Assets.xcassets"; sourceTree = "<group>"; };
		E8A2C98023327815009F2E71 /* Info.plist */ = {isa = PBXFileReference; lastKnownFileType = text.plist.xml; path = Info.plist; sourceTree = "<group>"; };
		E8A2C98123327815009F2E71 /* PushNotificationPayload.apns */ = {isa = PBXFileReference; lastKnownFileType = text; path = PushNotificationPayload.apns; sourceTree = "<group>"; };
		E8A2C99A23327A9D009F2E71 /* MacRentals.app */ = {isa = PBXFileReference; explicitFileType = wrapper.application; includeInIndex = 0; path = MacRentals.app; sourceTree = BUILT_PRODUCTS_DIR; };
		E8A2C99C23327A9D009F2E71 /* AppDelegate.swift */ = {isa = PBXFileReference; lastKnownFileType = sourcecode.swift; path = AppDelegate.swift; sourceTree = "<group>"; };
		E8A2C99E23327A9D009F2E71 /* ContentView.swift */ = {isa = PBXFileReference; lastKnownFileType = sourcecode.swift; path = ContentView.swift; sourceTree = "<group>"; };
		E8A2C9A023327A9D009F2E71 /* Assets.xcassets */ = {isa = PBXFileReference; lastKnownFileType = folder.assetcatalog; path = Assets.xcassets; sourceTree = "<group>"; };
		E8A2C9A323327A9D009F2E71 /* Preview Assets.xcassets */ = {isa = PBXFileReference; lastKnownFileType = folder.assetcatalog; path = "Preview Assets.xcassets"; sourceTree = "<group>"; };
		E8A2C9A623327A9D009F2E71 /* Base */ = {isa = PBXFileReference; lastKnownFileType = file.storyboard; name = Base; path = Base.lproj/Main.storyboard; sourceTree = "<group>"; };
		E8A2C9A823327A9D009F2E71 /* Info.plist */ = {isa = PBXFileReference; lastKnownFileType = text.plist.xml; path = Info.plist; sourceTree = "<group>"; };
		E8A2C9A923327A9D009F2E71 /* MacRentals.entitlements */ = {isa = PBXFileReference; lastKnownFileType = text.plist.entitlements; path = MacRentals.entitlements; sourceTree = "<group>"; };
/* End PBXFileReference section */

/* Begin PBXFrameworksBuildPhase section */
		E8A2C93823327130009F2E71 /* Frameworks */ = {
			isa = PBXFrameworksBuildPhase;
			buildActionMask = 2147483647;
			files = (
				E8A2C95723327350009F2E71 /* PostgreSQLAdaptor in Frameworks */,
				E8A2C954233271E8009F2E71 /* DirectToSwiftUI in Frameworks */,
			);
			runOnlyForDeploymentPostprocessing = 0;
		};
		E8A2C96923327815009F2E71 /* Frameworks */ = {
			isa = PBXFrameworksBuildPhase;
			buildActionMask = 2147483647;
			files = (
				E8A2C995233278D5009F2E71 /* PostgreSQLAdaptor in Frameworks */,
				E8A2C993233278D4009F2E71 /* DirectToSwiftUI in Frameworks */,
			);
			runOnlyForDeploymentPostprocessing = 0;
		};
		E8A2C99723327A9D009F2E71 /* Frameworks */ = {
			isa = PBXFrameworksBuildPhase;
			buildActionMask = 2147483647;
			files = (
				E8A2C9B423327AC3009F2E71 /* PostgreSQLAdaptor in Frameworks */,
				E8A2C9B223327AC3009F2E71 /* DirectToSwiftUI in Frameworks */,
			);
			runOnlyForDeploymentPostprocessing = 0;
		};
/* End PBXFrameworksBuildPhase section */

/* Begin PBXGroup section */
		E839F2A623328105005BD5A2 /* Shared */ = {
			isa = PBXGroup;
			children = (
				E839F2A723328105005BD5A2 /* RuleModel.swift */,
				E839F2A823328105005BD5A2 /* CustomViews.swift */,
				E839F2A923328105005BD5A2 /* DatabaseConfig.swift */,
			);
			path = Shared;
			sourceTree = "<group>";
		};
		E8A2C93223327130009F2E71 = {
			isa = PBXGroup;
			children = (
				E839F2A623328105005BD5A2 /* Shared */,
				E8A2C93D23327130009F2E71 /* DVDRental */,
				E8A2C97023327815009F2E71 /* DVDRentalWatch WatchKit Extension */,
				E8A2C99B23327A9D009F2E71 /* MacRentals */,
				E8A2C96123327814009F2E71 /* DVDRentalWatch WatchKit App */,
				E8A2C93C23327130009F2E71 /* Products */,
				E8A2C991233278D4009F2E71 /* Frameworks */,
			);
			sourceTree = "<group>";
		};
		E8A2C93C23327130009F2E71 /* Products */ = {
			isa = PBXGroup;
			children = (
				E8A2C93B23327130009F2E71 /* DVDRental.app */,
				E8A2C95A23327814009F2E71 /* DVDRentalWatch.app */,
				E8A2C95D23327814009F2E71 /* DVDRentalWatch WatchKit App.app */,
				E8A2C96C23327815009F2E71 /* DVDRentalWatch WatchKit Extension.appex */,
				E8A2C99A23327A9D009F2E71 /* MacRentals.app */,
			);
			name = Products;
			sourceTree = "<group>";
		};
		E8A2C93D23327130009F2E71 /* DVDRental */ = {
			isa = PBXGroup;
			children = (
				E8A2C93E23327130009F2E71 /* AppDelegate.swift */,
				E8A2C94023327130009F2E71 /* SceneDelegate.swift */,
				E8A2C94223327130009F2E71 /* ContentView.swift */,
				E8A2C94423327131009F2E71 /* Assets.xcassets */,
				E8A2C94923327131009F2E71 /* LaunchScreen.storyboard */,
				E8A2C94C23327131009F2E71 /* Info.plist */,
				E8A2C94623327131009F2E71 /* Preview Content */,
			);
			path = DVDRental;
			sourceTree = "<group>";
		};
		E8A2C94623327131009F2E71 /* Preview Content */ = {
			isa = PBXGroup;
			children = (
				E8A2C94723327131009F2E71 /* Preview Assets.xcassets */,
			);
			path = "Preview Content";
			sourceTree = "<group>";
		};
		E8A2C96123327814009F2E71 /* DVDRentalWatch WatchKit App */ = {
			isa = PBXGroup;
			children = (
				E8A2C96223327814009F2E71 /* Interface.storyboard */,
				E8A2C96523327815009F2E71 /* Assets.xcassets */,
				E8A2C96723327815009F2E71 /* Info.plist */,
			);
			path = "DVDRentalWatch WatchKit App";
			sourceTree = "<group>";
		};
		E8A2C97023327815009F2E71 /* DVDRentalWatch WatchKit Extension */ = {
			isa = PBXGroup;
			children = (
				E8A2C97123327815009F2E71 /* ContentView.swift */,
				E8A2C97323327815009F2E71 /* HostingController.swift */,
				E8A2C97523327815009F2E71 /* ExtensionDelegate.swift */,
				E8A2C97723327815009F2E71 /* NotificationController.swift */,
				E8A2C97923327815009F2E71 /* NotificationView.swift */,
				E8A2C97B23327815009F2E71 /* Assets.xcassets */,
				E8A2C98023327815009F2E71 /* Info.plist */,
				E8A2C98123327815009F2E71 /* PushNotificationPayload.apns */,
				E8A2C97D23327815009F2E71 /* Preview Content */,
			);
			path = "DVDRentalWatch WatchKit Extension";
			sourceTree = "<group>";
		};
		E8A2C97D23327815009F2E71 /* Preview Content */ = {
			isa = PBXGroup;
			children = (
				E8A2C97E23327815009F2E71 /* Preview Assets.xcassets */,
			);
			path = "Preview Content";
			sourceTree = "<group>";
		};
		E8A2C991233278D4009F2E71 /* Frameworks */ = {
			isa = PBXGroup;
			children = (
			);
			name = Frameworks;
			sourceTree = "<group>";
		};
		E8A2C99B23327A9D009F2E71 /* MacRentals */ = {
			isa = PBXGroup;
			children = (
				E8A2C99C23327A9D009F2E71 /* AppDelegate.swift */,
				E8A2C99E23327A9D009F2E71 /* ContentView.swift */,
				E8A2C9A023327A9D009F2E71 /* Assets.xcassets */,
				E8A2C9A523327A9D009F2E71 /* Main.storyboard */,
				E8A2C9A823327A9D009F2E71 /* Info.plist */,
				E8A2C9A923327A9D009F2E71 /* MacRentals.entitlements */,
				E8A2C9A223327A9D009F2E71 /* Preview Content */,
			);
			path = MacRentals;
			sourceTree = "<group>";
		};
		E8A2C9A223327A9D009F2E71 /* Preview Content */ = {
			isa = PBXGroup;
			children = (
				E8A2C9A323327A9D009F2E71 /* Preview Assets.xcassets */,
			);
			path = "Preview Content";
			sourceTree = "<group>";
		};
/* End PBXGroup section */

/* Begin PBXNativeTarget section */
		E8A2C93A23327130009F2E71 /* DVDRental */ = {
			isa = PBXNativeTarget;
			buildConfigurationList = E8A2C94F23327131009F2E71 /* Build configuration list for PBXNativeTarget "DVDRental" */;
			buildPhases = (
				E8A2C93723327130009F2E71 /* Sources */,
				E8A2C93823327130009F2E71 /* Frameworks */,
				E8A2C93923327130009F2E71 /* Resources */,
			);
			buildRules = (
			);
			dependencies = (
			);
			name = DVDRental;
			packageProductDependencies = (
				E8A2C953233271E8009F2E71 /* DirectToSwiftUI */,
				E8A2C95623327350009F2E71 /* PostgreSQLAdaptor */,
			);
			productName = DVDRental;
			productReference = E8A2C93B23327130009F2E71 /* DVDRental.app */;
			productType = "com.apple.product-type.application";
		};
		E8A2C95923327814009F2E71 /* DVDRentalWatch */ = {
			isa = PBXNativeTarget;
			buildConfigurationList = E8A2C98A23327815009F2E71 /* Build configuration list for PBXNativeTarget "DVDRentalWatch" */;
			buildPhases = (
				E8A2C95823327814009F2E71 /* Resources */,
				E8A2C98923327815009F2E71 /* Embed Watch Content */,
			);
			buildRules = (
			);
			dependencies = (
				E8A2C96023327814009F2E71 /* PBXTargetDependency */,
			);
			name = DVDRentalWatch;
			productName = DVDRentalWatch;
			productReference = E8A2C95A23327814009F2E71 /* DVDRentalWatch.app */;
			productType = "com.apple.product-type.application.watchapp2-container";
		};
		E8A2C95C23327814009F2E71 /* DVDRentalWatch WatchKit App */ = {
			isa = PBXNativeTarget;
			buildConfigurationList = E8A2C98623327815009F2E71 /* Build configuration list for PBXNativeTarget "DVDRentalWatch WatchKit App" */;
			buildPhases = (
				E8A2C95B23327814009F2E71 /* Resources */,
				E8A2C98523327815009F2E71 /* Embed App Extensions */,
			);
			buildRules = (
			);
			dependencies = (
				E8A2C96F23327815009F2E71 /* PBXTargetDependency */,
			);
			name = "DVDRentalWatch WatchKit App";
			productName = "DVDRentalWatch WatchKit App";
			productReference = E8A2C95D23327814009F2E71 /* DVDRentalWatch WatchKit App.app */;
			productType = "com.apple.product-type.application.watchapp2";
		};
		E8A2C96B23327815009F2E71 /* DVDRentalWatch WatchKit Extension */ = {
			isa = PBXNativeTarget;
			buildConfigurationList = E8A2C98223327815009F2E71 /* Build configuration list for PBXNativeTarget "DVDRentalWatch WatchKit Extension" */;
			buildPhases = (
				E8A2C96823327815009F2E71 /* Sources */,
				E8A2C96923327815009F2E71 /* Frameworks */,
				E8A2C96A23327815009F2E71 /* Resources */,
			);
			buildRules = (
			);
			dependencies = (
				E8A2C98E23327892009F2E71 /* PBXTargetDependency */,
				E8A2C99023327892009F2E71 /* PBXTargetDependency */,
			);
			name = "DVDRentalWatch WatchKit Extension";
			packageProductDependencies = (
				E8A2C992233278D4009F2E71 /* DirectToSwiftUI */,
				E8A2C994233278D5009F2E71 /* PostgreSQLAdaptor */,
			);
			productName = "DVDRentalWatch WatchKit Extension";
			productReference = E8A2C96C23327815009F2E71 /* DVDRentalWatch WatchKit Extension.appex */;
			productType = "com.apple.product-type.watchkit2-extension";
		};
		E8A2C99923327A9D009F2E71 /* MacRentals */ = {
			isa = PBXNativeTarget;
			buildConfigurationList = E8A2C9AA23327A9D009F2E71 /* Build configuration list for PBXNativeTarget "MacRentals" */;
			buildPhases = (
				E8A2C99623327A9D009F2E71 /* Sources */,
				E8A2C99723327A9D009F2E71 /* Frameworks */,
				E8A2C99823327A9D009F2E71 /* Resources */,
			);
			buildRules = (
			);
			dependencies = (
				E8A2C9AE23327AB9009F2E71 /* PBXTargetDependency */,
				E8A2C9B023327AB9009F2E71 /* PBXTargetDependency */,
			);
			name = MacRentals;
			packageProductDependencies = (
				E8A2C9B123327AC3009F2E71 /* DirectToSwiftUI */,
				E8A2C9B323327AC3009F2E71 /* PostgreSQLAdaptor */,
			);
			productName = MacRentals;
			productReference = E8A2C99A23327A9D009F2E71 /* MacRentals.app */;
			productType = "com.apple.product-type.application";
		};
/* End PBXNativeTarget section */

/* Begin PBXProject section */
		E8A2C93323327130009F2E71 /* Project object */ = {
			isa = PBXProject;
			attributes = {
				LastSwiftUpdateCheck = 1100;
				LastUpgradeCheck = 1100;
				ORGANIZATIONNAME = "ZeeZide GmbH";
				TargetAttributes = {
					E839F2B3233284E4005BD5A2 = {
						CreatedOnToolsVersion = 11.0;
					};
					E8A2C93A23327130009F2E71 = {
						CreatedOnToolsVersion = 11.0;
					};
					E8A2C95923327814009F2E71 = {
						CreatedOnToolsVersion = 11.0;
					};
					E8A2C95C23327814009F2E71 = {
						CreatedOnToolsVersion = 11.0;
					};
					E8A2C96B23327815009F2E71 = {
						CreatedOnToolsVersion = 11.0;
					};
					E8A2C99923327A9D009F2E71 = {
						CreatedOnToolsVersion = 11.0;
					};
				};
			};
			buildConfigurationList = E8A2C93623327130009F2E71 /* Build configuration list for PBXProject "DVDRental" */;
			compatibilityVersion = "Xcode 9.3";
			developmentRegion = en;
			hasScannedForEncodings = 0;
			knownRegions = (
				en,
				Base,
			);
			mainGroup = E8A2C93223327130009F2E71;
			packageReferences = (
				E8A2C952233271E8009F2E71 /* XCRemoteSwiftPackageReference "DirectToSwiftUI" */,
				E8A2C95523327350009F2E71 /* XCRemoteSwiftPackageReference "ZeeQL3PCK" */,
			);
			productRefGroup = E8A2C93C23327130009F2E71 /* Products */;
			projectDirPath = "";
			projectRoot = "";
			targets = (
				E8A2C93A23327130009F2E71 /* DVDRental */,
				E8A2C95923327814009F2E71 /* DVDRentalWatch */,
				E8A2C95C23327814009F2E71 /* DVDRentalWatch WatchKit App */,
				E8A2C96B23327815009F2E71 /* DVDRentalWatch WatchKit Extension */,
				E8A2C99923327A9D009F2E71 /* MacRentals */,
				E839F2B3233284E4005BD5A2 /* DVDRental-AllPlatforms */,
			);
		};
/* End PBXProject section */

/* Begin PBXResourcesBuildPhase section */
		E8A2C93923327130009F2E71 /* Resources */ = {
			isa = PBXResourcesBuildPhase;
			buildActionMask = 2147483647;
			files = (
				E8A2C94B23327131009F2E71 /* LaunchScreen.storyboard in Resources */,
				E8A2C94823327131009F2E71 /* Preview Assets.xcassets in Resources */,
				E8A2C94523327131009F2E71 /* Assets.xcassets in Resources */,
			);
			runOnlyForDeploymentPostprocessing = 0;
		};
		E8A2C95823327814009F2E71 /* Resources */ = {
			isa = PBXResourcesBuildPhase;
			buildActionMask = 2147483647;
			files = (
			);
			runOnlyForDeploymentPostprocessing = 0;
		};
		E8A2C95B23327814009F2E71 /* Resources */ = {
			isa = PBXResourcesBuildPhase;
			buildActionMask = 2147483647;
			files = (
				E8A2C96623327815009F2E71 /* Assets.xcassets in Resources */,
				E8A2C96423327814009F2E71 /* Interface.storyboard in Resources */,
			);
			runOnlyForDeploymentPostprocessing = 0;
		};
		E8A2C96A23327815009F2E71 /* Resources */ = {
			isa = PBXResourcesBuildPhase;
			buildActionMask = 2147483647;
			files = (
				E8A2C97F23327815009F2E71 /* Preview Assets.xcassets in Resources */,
				E8A2C97C23327815009F2E71 /* Assets.xcassets in Resources */,
			);
			runOnlyForDeploymentPostprocessing = 0;
		};
		E8A2C99823327A9D009F2E71 /* Resources */ = {
			isa = PBXResourcesBuildPhase;
			buildActionMask = 2147483647;
			files = (
				E8A2C9A723327A9D009F2E71 /* Main.storyboard in Resources */,
				E8A2C9A423327A9D009F2E71 /* Preview Assets.xcassets in Resources */,
				E8A2C9A123327A9D009F2E71 /* Assets.xcassets in Resources */,
			);
			runOnlyForDeploymentPostprocessing = 0;
		};
/* End PBXResourcesBuildPhase section */

/* Begin PBXSourcesBuildPhase section */
		E8A2C93723327130009F2E71 /* Sources */ = {
			isa = PBXSourcesBuildPhase;
			buildActionMask = 2147483647;
			files = (
				E839F2B023328105005BD5A2 /* DatabaseConfig.swift in Sources */,
				E8A2C93F23327130009F2E71 /* AppDelegate.swift in Sources */,
				E8A2C94123327130009F2E71 /* SceneDelegate.swift in Sources */,
				E839F2AD23328105005BD5A2 /* CustomViews.swift in Sources */,
				E8A2C94323327130009F2E71 /* ContentView.swift in Sources */,
				E839F2AA23328105005BD5A2 /* RuleModel.swift in Sources */,
			);
			runOnlyForDeploymentPostprocessing = 0;
		};
		E8A2C96823327815009F2E71 /* Sources */ = {
			isa = PBXSourcesBuildPhase;
			buildActionMask = 2147483647;
			files = (
				E8A2C97423327815009F2E71 /* HostingController.swift in Sources */,
				E839F2AB23328105005BD5A2 /* RuleModel.swift in Sources */,
				E839F2B123328105005BD5A2 /* DatabaseConfig.swift in Sources */,
				E839F2AE23328105005BD5A2 /* CustomViews.swift in Sources */,
				E8A2C97223327815009F2E71 /* ContentView.swift in Sources */,
				E8A2C97823327815009F2E71 /* NotificationController.swift in Sources */,
				E8A2C97623327815009F2E71 /* ExtensionDelegate.swift in Sources */,
				E8A2C97A23327815009F2E71 /* NotificationView.swift in Sources */,
			);
			runOnlyForDeploymentPostprocessing = 0;
		};
		E8A2C99623327A9D009F2E71 /* Sources */ = {
			isa = PBXSourcesBuildPhase;
			buildActionMask = 2147483647;
			files = (
				E839F2B223328105005BD5A2 /* DatabaseConfig.swift in Sources */,
				E8A2C99F23327A9D009F2E71 /* ContentView.swift in Sources */,
				E839F2AF23328105005BD5A2 /* CustomViews.swift in Sources */,
				E839F2AC23328105005BD5A2 /* RuleModel.swift in Sources */,
				E8A2C99D23327A9D009F2E71 /* AppDelegate.swift in Sources */,
			);
			runOnlyForDeploymentPostprocessing = 0;
		};
/* End PBXSourcesBuildPhase section */

/* Begin PBXTargetDependency section */
		E839F2B8233284EE005BD5A2 /* PBXTargetDependency */ = {
			isa = PBXTargetDependency;
			target = E8A2C93A23327130009F2E71 /* DVDRental */;
			targetProxy = E839F2B7233284EE005BD5A2 /* PBXContainerItemProxy */;
		};
		E839F2BA233284EE005BD5A2 /* PBXTargetDependency */ = {
			isa = PBXTargetDependency;
			target = E8A2C95923327814009F2E71 /* DVDRentalWatch */;
			targetProxy = E839F2B9233284EE005BD5A2 /* PBXContainerItemProxy */;
		};
		E839F2BC233284EE005BD5A2 /* PBXTargetDependency */ = {
			isa = PBXTargetDependency;
			target = E8A2C95C23327814009F2E71 /* DVDRentalWatch WatchKit App */;
			targetProxy = E839F2BB233284EE005BD5A2 /* PBXContainerItemProxy */;
		};
		E839F2BE233284EE005BD5A2 /* PBXTargetDependency */ = {
			isa = PBXTargetDependency;
			target = E8A2C96B23327815009F2E71 /* DVDRentalWatch WatchKit Extension */;
			targetProxy = E839F2BD233284EE005BD5A2 /* PBXContainerItemProxy */;
		};
		E839F2C0233284EE005BD5A2 /* PBXTargetDependency */ = {
			isa = PBXTargetDependency;
			target = E8A2C99923327A9D009F2E71 /* MacRentals */;
			targetProxy = E839F2BF233284EE005BD5A2 /* PBXContainerItemProxy */;
		};
		E8A2C96023327814009F2E71 /* PBXTargetDependency */ = {
			isa = PBXTargetDependency;
			target = E8A2C95C23327814009F2E71 /* DVDRentalWatch WatchKit App */;
			targetProxy = E8A2C95F23327814009F2E71 /* PBXContainerItemProxy */;
		};
		E8A2C96F23327815009F2E71 /* PBXTargetDependency */ = {
			isa = PBXTargetDependency;
			target = E8A2C96B23327815009F2E71 /* DVDRentalWatch WatchKit Extension */;
			targetProxy = E8A2C96E23327815009F2E71 /* PBXContainerItemProxy */;
		};
		E8A2C98E23327892009F2E71 /* PBXTargetDependency */ = {
			isa = PBXTargetDependency;
			productRef = E8A2C98D23327892009F2E71 /* DirectToSwiftUI */;
		};
		E8A2C99023327892009F2E71 /* PBXTargetDependency */ = {
			isa = PBXTargetDependency;
			productRef = E8A2C98F23327892009F2E71 /* PostgreSQLAdaptor */;
		};
		E8A2C9AE23327AB9009F2E71 /* PBXTargetDependency */ = {
			isa = PBXTargetDependency;
			productRef = E8A2C9AD23327AB9009F2E71 /* DirectToSwiftUI */;
		};
		E8A2C9B023327AB9009F2E71 /* PBXTargetDependency */ = {
			isa = PBXTargetDependency;
			productRef = E8A2C9AF23327AB9009F2E71 /* PostgreSQLAdaptor */;
		};
/* End PBXTargetDependency section */

/* Begin PBXVariantGroup section */
		E8A2C94923327131009F2E71 /* LaunchScreen.storyboard */ = {
			isa = PBXVariantGroup;
			children = (
				E8A2C94A23327131009F2E71 /* Base */,
			);
			name = LaunchScreen.storyboard;
			sourceTree = "<group>";
		};
		E8A2C96223327814009F2E71 /* Interface.storyboard */ = {
			isa = PBXVariantGroup;
			children = (
				E8A2C96323327814009F2E71 /* Base */,
			);
			name = Interface.storyboard;
			sourceTree = "<group>";
		};
		E8A2C9A523327A9D009F2E71 /* Main.storyboard */ = {
			isa = PBXVariantGroup;
			children = (
				E8A2C9A623327A9D009F2E71 /* Base */,
			);
			name = Main.storyboard;
			sourceTree = "<group>";
		};
/* End PBXVariantGroup section */

/* Begin XCBuildConfiguration section */
		E839F2B5233284E4005BD5A2 /* Debug */ = {
			isa = XCBuildConfiguration;
			buildSettings = {
				CODE_SIGN_STYLE = Automatic;
				PRODUCT_NAME = "$(TARGET_NAME)";
			};
			name = Debug;
		};
		E839F2B6233284E4005BD5A2 /* Release */ = {
			isa = XCBuildConfiguration;
			buildSettings = {
				CODE_SIGN_STYLE = Automatic;
				PRODUCT_NAME = "$(TARGET_NAME)";
			};
			name = Release;
		};
		E8A2C94D23327131009F2E71 /* Debug */ = {
			isa = XCBuildConfiguration;
			buildSettings = {
				ALWAYS_SEARCH_USER_PATHS = NO;
				CLANG_ANALYZER_NONNULL = YES;
				CLANG_ANALYZER_NUMBER_OBJECT_CONVERSION = YES_AGGRESSIVE;
				CLANG_CXX_LANGUAGE_STANDARD = "gnu++14";
				CLANG_CXX_LIBRARY = "libc++";
				CLANG_ENABLE_MODULES = YES;
				CLANG_ENABLE_OBJC_ARC = YES;
				CLANG_ENABLE_OBJC_WEAK = YES;
				CLANG_WARN_BLOCK_CAPTURE_AUTORELEASING = YES;
				CLANG_WARN_BOOL_CONVERSION = YES;
				CLANG_WARN_COMMA = YES;
				CLANG_WARN_CONSTANT_CONVERSION = YES;
				CLANG_WARN_DEPRECATED_OBJC_IMPLEMENTATIONS = YES;
				CLANG_WARN_DIRECT_OBJC_ISA_USAGE = YES_ERROR;
				CLANG_WARN_DOCUMENTATION_COMMENTS = YES;
				CLANG_WARN_EMPTY_BODY = YES;
				CLANG_WARN_ENUM_CONVERSION = YES;
				CLANG_WARN_INFINITE_RECURSION = YES;
				CLANG_WARN_INT_CONVERSION = YES;
				CLANG_WARN_NON_LITERAL_NULL_CONVERSION = YES;
				CLANG_WARN_OBJC_IMPLICIT_RETAIN_SELF = YES;
				CLANG_WARN_OBJC_LITERAL_CONVERSION = YES;
				CLANG_WARN_OBJC_ROOT_CLASS = YES_ERROR;
				CLANG_WARN_RANGE_LOOP_ANALYSIS = YES;
				CLANG_WARN_STRICT_PROTOTYPES = YES;
				CLANG_WARN_SUSPICIOUS_MOVE = YES;
				CLANG_WARN_UNGUARDED_AVAILABILITY = YES_AGGRESSIVE;
				CLANG_WARN_UNREACHABLE_CODE = YES;
				CLANG_WARN__DUPLICATE_METHOD_MATCH = YES;
				COPY_PHASE_STRIP = NO;
				DEBUG_INFORMATION_FORMAT = dwarf;
				ENABLE_STRICT_OBJC_MSGSEND = YES;
				ENABLE_TESTABILITY = YES;
				GCC_C_LANGUAGE_STANDARD = gnu11;
				GCC_DYNAMIC_NO_PIC = NO;
				GCC_NO_COMMON_BLOCKS = YES;
				GCC_OPTIMIZATION_LEVEL = 0;
				GCC_PREPROCESSOR_DEFINITIONS = (
					"DEBUG=1",
					"$(inherited)",
				);
				GCC_WARN_64_TO_32_BIT_CONVERSION = YES;
				GCC_WARN_ABOUT_RETURN_TYPE = YES_ERROR;
				GCC_WARN_UNDECLARED_SELECTOR = YES;
				GCC_WARN_UNINITIALIZED_AUTOS = YES_AGGRESSIVE;
				GCC_WARN_UNUSED_FUNCTION = YES;
				GCC_WARN_UNUSED_VARIABLE = YES;
				IPHONEOS_DEPLOYMENT_TARGET = 13.0;
				MTL_ENABLE_DEBUG_INFO = INCLUDE_SOURCE;
				MTL_FAST_MATH = YES;
				ONLY_ACTIVE_ARCH = YES;
				SDKROOT = iphoneos;
				SWIFT_ACTIVE_COMPILATION_CONDITIONS = DEBUG;
				SWIFT_OPTIMIZATION_LEVEL = "-Onone";
			};
			name = Debug;
		};
		E8A2C94E23327131009F2E71 /* Release */ = {
			isa = XCBuildConfiguration;
			buildSettings = {
				ALWAYS_SEARCH_USER_PATHS = NO;
				CLANG_ANALYZER_NONNULL = YES;
				CLANG_ANALYZER_NUMBER_OBJECT_CONVERSION = YES_AGGRESSIVE;
				CLANG_CXX_LANGUAGE_STANDARD = "gnu++14";
				CLANG_CXX_LIBRARY = "libc++";
				CLANG_ENABLE_MODULES = YES;
				CLANG_ENABLE_OBJC_ARC = YES;
				CLANG_ENABLE_OBJC_WEAK = YES;
				CLANG_WARN_BLOCK_CAPTURE_AUTORELEASING = YES;
				CLANG_WARN_BOOL_CONVERSION = YES;
				CLANG_WARN_COMMA = YES;
				CLANG_WARN_CONSTANT_CONVERSION = YES;
				CLANG_WARN_DEPRECATED_OBJC_IMPLEMENTATIONS = YES;
				CLANG_WARN_DIRECT_OBJC_ISA_USAGE = YES_ERROR;
				CLANG_WARN_DOCUMENTATION_COMMENTS = YES;
				CLANG_WARN_EMPTY_BODY = YES;
				CLANG_WARN_ENUM_CONVERSION = YES;
				CLANG_WARN_INFINITE_RECURSION = YES;
				CLANG_WARN_INT_CONVERSION = YES;
				CLANG_WARN_NON_LITERAL_NULL_CONVERSION = YES;
				CLANG_WARN_OBJC_IMPLICIT_RETAIN_SELF = YES;
				CLANG_WARN_OBJC_LITERAL_CONVERSION = YES;
				CLANG_WARN_OBJC_ROOT_CLASS = YES_ERROR;
				CLANG_WARN_RANGE_LOOP_ANALYSIS = YES;
				CLANG_WARN_STRICT_PROTOTYPES = YES;
				CLANG_WARN_SUSPICIOUS_MOVE = YES;
				CLANG_WARN_UNGUARDED_AVAILABILITY = YES_AGGRESSIVE;
				CLANG_WARN_UNREACHABLE_CODE = YES;
				CLANG_WARN__DUPLICATE_METHOD_MATCH = YES;
				COPY_PHASE_STRIP = NO;
				DEBUG_INFORMATION_FORMAT = "dwarf-with-dsym";
				ENABLE_NS_ASSERTIONS = NO;
				ENABLE_STRICT_OBJC_MSGSEND = YES;
				GCC_C_LANGUAGE_STANDARD = gnu11;
				GCC_NO_COMMON_BLOCKS = YES;
				GCC_WARN_64_TO_32_BIT_CONVERSION = YES;
				GCC_WARN_ABOUT_RETURN_TYPE = YES_ERROR;
				GCC_WARN_UNDECLARED_SELECTOR = YES;
				GCC_WARN_UNINITIALIZED_AUTOS = YES_AGGRESSIVE;
				GCC_WARN_UNUSED_FUNCTION = YES;
				GCC_WARN_UNUSED_VARIABLE = YES;
				IPHONEOS_DEPLOYMENT_TARGET = 13.0;
				MTL_ENABLE_DEBUG_INFO = NO;
				MTL_FAST_MATH = YES;
				SDKROOT = iphoneos;
				SWIFT_COMPILATION_MODE = wholemodule;
				SWIFT_OPTIMIZATION_LEVEL = "-O";
				VALIDATE_PRODUCT = YES;
			};
			name = Release;
		};
		E8A2C95023327131009F2E71 /* Debug */ = {
			isa = XCBuildConfiguration;
			buildSettings = {
				ASSETCATALOG_COMPILER_APPICON_NAME = AppIcon;
				CODE_SIGN_STYLE = Automatic;
				DEVELOPMENT_ASSET_PATHS = "\"DVDRental/Preview Content\"";
				ENABLE_PREVIEWS = YES;
				INFOPLIST_FILE = DVDRental/Info.plist;
				LD_RUNPATH_SEARCH_PATHS = (
					"$(inherited)",
					"@executable_path/Frameworks",
				);
				PRODUCT_BUNDLE_IDENTIFIER = de.zeezide.swift.d2s.DVDRental;
				PRODUCT_NAME = "$(TARGET_NAME)";
				SWIFT_VERSION = 5.0;
				TARGETED_DEVICE_FAMILY = 1;
			};
			name = Debug;
		};
		E8A2C95123327131009F2E71 /* Release */ = {
			isa = XCBuildConfiguration;
			buildSettings = {
				ASSETCATALOG_COMPILER_APPICON_NAME = AppIcon;
				CODE_SIGN_STYLE = Automatic;
				DEVELOPMENT_ASSET_PATHS = "\"DVDRental/Preview Content\"";
				ENABLE_PREVIEWS = YES;
				INFOPLIST_FILE = DVDRental/Info.plist;
				LD_RUNPATH_SEARCH_PATHS = (
					"$(inherited)",
					"@executable_path/Frameworks",
				);
				PRODUCT_BUNDLE_IDENTIFIER = de.zeezide.swift.d2s.DVDRental;
				PRODUCT_NAME = "$(TARGET_NAME)";
				SWIFT_VERSION = 5.0;
				TARGETED_DEVICE_FAMILY = 1;
			};
			name = Release;
		};
		E8A2C98323327815009F2E71 /* Debug */ = {
			isa = XCBuildConfiguration;
			buildSettings = {
				ASSETCATALOG_COMPILER_COMPLICATION_NAME = Complication;
				CODE_SIGN_STYLE = Automatic;
				DEVELOPMENT_ASSET_PATHS = "\"DVDRentalWatch WatchKit Extension/Preview Content\"";
				ENABLE_PREVIEWS = YES;
				INFOPLIST_FILE = "DVDRentalWatch WatchKit Extension/Info.plist";
				LD_RUNPATH_SEARCH_PATHS = (
					"$(inherited)",
					"@executable_path/Frameworks",
					"@executable_path/../../Frameworks",
				);
				PRODUCT_BUNDLE_IDENTIFIER = de.zeezide.swift.d2s.DVDRentalWatch.watchkitapp.watchkitextension;
				PRODUCT_NAME = "${TARGET_NAME}";
				SDKROOT = watchos;
				SKIP_INSTALL = YES;
				SWIFT_VERSION = 5.0;
				TARGETED_DEVICE_FAMILY = 4;
				WATCHOS_DEPLOYMENT_TARGET = 6.0;
			};
			name = Debug;
		};
		E8A2C98423327815009F2E71 /* Release */ = {
			isa = XCBuildConfiguration;
			buildSettings = {
				ASSETCATALOG_COMPILER_COMPLICATION_NAME = Complication;
				CODE_SIGN_STYLE = Automatic;
				DEVELOPMENT_ASSET_PATHS = "\"DVDRentalWatch WatchKit Extension/Preview Content\"";
				ENABLE_PREVIEWS = YES;
				INFOPLIST_FILE = "DVDRentalWatch WatchKit Extension/Info.plist";
				LD_RUNPATH_SEARCH_PATHS = (
					"$(inherited)",
					"@executable_path/Frameworks",
					"@executable_path/../../Frameworks",
				);
				PRODUCT_BUNDLE_IDENTIFIER = de.zeezide.swift.d2s.DVDRentalWatch.watchkitapp.watchkitextension;
				PRODUCT_NAME = "${TARGET_NAME}";
				SDKROOT = watchos;
				SKIP_INSTALL = YES;
				SWIFT_VERSION = 5.0;
				TARGETED_DEVICE_FAMILY = 4;
				WATCHOS_DEPLOYMENT_TARGET = 6.0;
			};
			name = Release;
		};
		E8A2C98723327815009F2E71 /* Debug */ = {
			isa = XCBuildConfiguration;
			buildSettings = {
				ALWAYS_EMBED_SWIFT_STANDARD_LIBRARIES = YES;
				ASSETCATALOG_COMPILER_APPICON_NAME = AppIcon;
				CODE_SIGN_STYLE = Automatic;
				IBSC_MODULE = DVDRentalWatch_WatchKit_Extension;
				INFOPLIST_FILE = "DVDRentalWatch WatchKit App/Info.plist";
				PRODUCT_BUNDLE_IDENTIFIER = de.zeezide.swift.d2s.DVDRentalWatch.watchkitapp;
				PRODUCT_NAME = "$(TARGET_NAME)";
				SDKROOT = watchos;
				SKIP_INSTALL = YES;
				SWIFT_VERSION = 5.0;
				TARGETED_DEVICE_FAMILY = 4;
				WATCHOS_DEPLOYMENT_TARGET = 6.0;
			};
			name = Debug;
		};
		E8A2C98823327815009F2E71 /* Release */ = {
			isa = XCBuildConfiguration;
			buildSettings = {
				ALWAYS_EMBED_SWIFT_STANDARD_LIBRARIES = YES;
				ASSETCATALOG_COMPILER_APPICON_NAME = AppIcon;
				CODE_SIGN_STYLE = Automatic;
				IBSC_MODULE = DVDRentalWatch_WatchKit_Extension;
				INFOPLIST_FILE = "DVDRentalWatch WatchKit App/Info.plist";
				PRODUCT_BUNDLE_IDENTIFIER = de.zeezide.swift.d2s.DVDRentalWatch.watchkitapp;
				PRODUCT_NAME = "$(TARGET_NAME)";
				SDKROOT = watchos;
				SKIP_INSTALL = YES;
				SWIFT_VERSION = 5.0;
				TARGETED_DEVICE_FAMILY = 4;
				WATCHOS_DEPLOYMENT_TARGET = 6.0;
			};
			name = Release;
		};
		E8A2C98B23327815009F2E71 /* Debug */ = {
			isa = XCBuildConfiguration;
			buildSettings = {
				CODE_SIGN_STYLE = Automatic;
				CURRENT_PROJECT_VERSION = 1;
				MARKETING_VERSION = 1.0;
				PRODUCT_BUNDLE_IDENTIFIER = de.zeezide.swift.d2s.DVDRentalWatch;
				PRODUCT_NAME = "$(TARGET_NAME)";
				SWIFT_VERSION = 5.0;
			};
			name = Debug;
		};
		E8A2C98C23327815009F2E71 /* Release */ = {
			isa = XCBuildConfiguration;
			buildSettings = {
				CODE_SIGN_STYLE = Automatic;
				CURRENT_PROJECT_VERSION = 1;
				MARKETING_VERSION = 1.0;
				PRODUCT_BUNDLE_IDENTIFIER = de.zeezide.swift.d2s.DVDRentalWatch;
				PRODUCT_NAME = "$(TARGET_NAME)";
				SWIFT_VERSION = 5.0;
			};
			name = Release;
		};
		E8A2C9AB23327A9D009F2E71 /* Debug */ = {
			isa = XCBuildConfiguration;
			buildSettings = {
				ASSETCATALOG_COMPILER_APPICON_NAME = AppIcon;
				CODE_SIGN_ENTITLEMENTS = MacRentals/MacRentals.entitlements;
				CODE_SIGN_STYLE = Automatic;
				COMBINE_HIDPI_IMAGES = YES;
				DEVELOPMENT_ASSET_PATHS = "\"MacRentals/Preview Content\"";
				ENABLE_PREVIEWS = YES;
				INFOPLIST_FILE = MacRentals/Info.plist;
				LD_RUNPATH_SEARCH_PATHS = (
					"$(inherited)",
					"@executable_path/../Frameworks",
				);
				MACOSX_DEPLOYMENT_TARGET = 10.15;
				PRODUCT_BUNDLE_IDENTIFIER = de.zeezide.swift.d2s.MacRentals;
				PRODUCT_NAME = "$(TARGET_NAME)";
				SDKROOT = macosx;
				SWIFT_VERSION = 5.0;
			};
			name = Debug;
		};
		E8A2C9AC23327A9D009F2E71 /* Release */ = {
			isa = XCBuildConfiguration;
			buildSettings = {
				ASSETCATALOG_COMPILER_APPICON_NAME = AppIcon;
				CODE_SIGN_ENTITLEMENTS = MacRentals/MacRentals.entitlements;
				CODE_SIGN_STYLE = Automatic;
				COMBINE_HIDPI_IMAGES = YES;
				DEVELOPMENT_ASSET_PATHS = "\"MacRentals/Preview Content\"";
				ENABLE_PREVIEWS = YES;
				INFOPLIST_FILE = MacRentals/Info.plist;
				LD_RUNPATH_SEARCH_PATHS = (
					"$(inherited)",
					"@executable_path/../Frameworks",
				);
				MACOSX_DEPLOYMENT_TARGET = 10.15;
				PRODUCT_BUNDLE_IDENTIFIER = de.zeezide.swift.d2s.MacRentals;
				PRODUCT_NAME = "$(TARGET_NAME)";
				SDKROOT = macosx;
				SWIFT_VERSION = 5.0;
			};
			name = Release;
		};
/* End XCBuildConfiguration section */

/* Begin XCConfigurationList section */
		E839F2B4233284E4005BD5A2 /* Build configuration list for PBXAggregateTarget "DVDRental-AllPlatforms" */ = {
			isa = XCConfigurationList;
			buildConfigurations = (
				E839F2B5233284E4005BD5A2 /* Debug */,
				E839F2B6233284E4005BD5A2 /* Release */,
			);
			defaultConfigurationIsVisible = 0;
			defaultConfigurationName = Release;
		};
		E8A2C93623327130009F2E71 /* Build configuration list for PBXProject "DVDRental" */ = {
			isa = XCConfigurationList;
			buildConfigurations = (
				E8A2C94D23327131009F2E71 /* Debug */,
				E8A2C94E23327131009F2E71 /* Release */,
			);
			defaultConfigurationIsVisible = 0;
			defaultConfigurationName = Release;
		};
		E8A2C94F23327131009F2E71 /* Build configuration list for PBXNativeTarget "DVDRental" */ = {
			isa = XCConfigurationList;
			buildConfigurations = (
				E8A2C95023327131009F2E71 /* Debug */,
				E8A2C95123327131009F2E71 /* Release */,
			);
			defaultConfigurationIsVisible = 0;
			defaultConfigurationName = Release;
		};
		E8A2C98223327815009F2E71 /* Build configuration list for PBXNativeTarget "DVDRentalWatch WatchKit Extension" */ = {
			isa = XCConfigurationList;
			buildConfigurations = (
				E8A2C98323327815009F2E71 /* Debug */,
				E8A2C98423327815009F2E71 /* Release */,
			);
			defaultConfigurationIsVisible = 0;
			defaultConfigurationName = Release;
		};
		E8A2C98623327815009F2E71 /* Build configuration list for PBXNativeTarget "DVDRentalWatch WatchKit App" */ = {
			isa = XCConfigurationList;
			buildConfigurations = (
				E8A2C98723327815009F2E71 /* Debug */,
				E8A2C98823327815009F2E71 /* Release */,
			);
			defaultConfigurationIsVisible = 0;
			defaultConfigurationName = Release;
		};
		E8A2C98A23327815009F2E71 /* Build configuration list for PBXNativeTarget "DVDRentalWatch" */ = {
			isa = XCConfigurationList;
			buildConfigurations = (
				E8A2C98B23327815009F2E71 /* Debug */,
				E8A2C98C23327815009F2E71 /* Release */,
			);
			defaultConfigurationIsVisible = 0;
			defaultConfigurationName = Release;
		};
		E8A2C9AA23327A9D009F2E71 /* Build configuration list for PBXNativeTarget "MacRentals" */ = {
			isa = XCConfigurationList;
			buildConfigurations = (
				E8A2C9AB23327A9D009F2E71 /* Debug */,
				E8A2C9AC23327A9D009F2E71 /* Release */,
			);
			defaultConfigurationIsVisible = 0;
			defaultConfigurationName = Release;
		};
/* End XCConfigurationList section */

/* Begin XCRemoteSwiftPackageReference section */
		E8A2C952233271E8009F2E71 /* XCRemoteSwiftPackageReference "DirectToSwiftUI" */ = {
			isa = XCRemoteSwiftPackageReference;
			repositoryURL = "file:///Users/helge/dev/Swift/Direct2Swift/DirectToSwiftUI";
			requirement = {
				branch = develop;
				kind = branch;
			};
		};
		E8A2C95523327350009F2E71 /* XCRemoteSwiftPackageReference "ZeeQL3PCK" */ = {
			isa = XCRemoteSwiftPackageReference;
			repositoryURL = "https://github.com/ZeeQL/ZeeQL3PCK.git";
			requirement = {
				kind = upToNextMajorVersion;
				minimumVersion = 0.1.10;
			};
		};
/* End XCRemoteSwiftPackageReference section */

/* Begin XCSwiftPackageProductDependency section */
		E8A2C953233271E8009F2E71 /* DirectToSwiftUI */ = {
			isa = XCSwiftPackageProductDependency;
			package = E8A2C952233271E8009F2E71 /* XCRemoteSwiftPackageReference "DirectToSwiftUI" */;
			productName = DirectToSwiftUI;
		};
		E8A2C95623327350009F2E71 /* PostgreSQLAdaptor */ = {
			isa = XCSwiftPackageProductDependency;
			package = E8A2C95523327350009F2E71 /* XCRemoteSwiftPackageReference "ZeeQL3PCK" */;
			productName = PostgreSQLAdaptor;
		};
		E8A2C98D23327892009F2E71 /* DirectToSwiftUI */ = {
			isa = XCSwiftPackageProductDependency;
			productName = DirectToSwiftUI;
		};
		E8A2C98F23327892009F2E71 /* PostgreSQLAdaptor */ = {
			isa = XCSwiftPackageProductDependency;
			package = E8A2C95523327350009F2E71 /* XCRemoteSwiftPackageReference "ZeeQL3PCK" */;
			productName = PostgreSQLAdaptor;
		};
		E8A2C992233278D4009F2E71 /* DirectToSwiftUI */ = {
			isa = XCSwiftPackageProductDependency;
			package = E8A2C952233271E8009F2E71 /* XCRemoteSwiftPackageReference "DirectToSwiftUI" */;
			productName = DirectToSwiftUI;
		};
		E8A2C994233278D5009F2E71 /* PostgreSQLAdaptor */ = {
			isa = XCSwiftPackageProductDependency;
			package = E8A2C95523327350009F2E71 /* XCRemoteSwiftPackageReference "ZeeQL3PCK" */;
			productName = PostgreSQLAdaptor;
		};
		E8A2C9AD23327AB9009F2E71 /* DirectToSwiftUI */ = {
			isa = XCSwiftPackageProductDependency;
			productName = DirectToSwiftUI;
		};
		E8A2C9AF23327AB9009F2E71 /* PostgreSQLAdaptor */ = {
			isa = XCSwiftPackageProductDependency;
			package = E8A2C95523327350009F2E71 /* XCRemoteSwiftPackageReference "ZeeQL3PCK" */;
			productName = PostgreSQLAdaptor;
		};
		E8A2C9B123327AC3009F2E71 /* DirectToSwiftUI */ = {
			isa = XCSwiftPackageProductDependency;
			package = E8A2C952233271E8009F2E71 /* XCRemoteSwiftPackageReference "DirectToSwiftUI" */;
			productName = DirectToSwiftUI;
		};
		E8A2C9B323327AC3009F2E71 /* PostgreSQLAdaptor */ = {
			isa = XCSwiftPackageProductDependency;
			package = E8A2C95523327350009F2E71 /* XCRemoteSwiftPackageReference "ZeeQL3PCK" */;
			productName = PostgreSQLAdaptor;
		};
/* End XCSwiftPackageProductDependency section */
	};
	rootObject = E8A2C93323327130009F2E71 /* Project object */;
}
